
Microsoft Visual Studio Solution File, Format Version 12.00
# Visual Studio 2012
Project("{FAE04EC0-301F-11D3-BF4B-00C04F79EFBC}") = "KotoriQuery", "KotoriQuery\KotoriQuery.csproj", "{8C9C968B-8212-4E00-BA13-15FAEB5F712A}"
EndProject
Project("{FAE04EC0-301F-11D3-BF4B-00C04F79EFBC}") = "KotoriQuery.Tests", "KotoriQuery.Tests\KotoriQuery.Tests.csproj", "{218208CA-7DE7-42E5-917F-D82FFF16AFFB}"
EndProject
Global
	GlobalSection(SolutionConfigurationPlatforms) = preSolution
		Debug|Any CPU = Debug|Any CPU
		Release|Any CPU = Release|Any CPU
	EndGlobalSection
	GlobalSection(ProjectConfigurationPlatforms) = postSolution
		{8C9C968B-8212-4E00-BA13-15FAEB5F712A}.Debug|Any CPU.ActiveCfg = Debug|Any CPU
		{8C9C968B-8212-4E00-BA13-15FAEB5F712A}.Debug|Any CPU.Build.0 = Debug|Any CPU
		{8C9C968B-8212-4E00-BA13-15FAEB5F712A}.Release|Any CPU.ActiveCfg = Release|Any CPU
		{8C9C968B-8212-4E00-BA13-15FAEB5F712A}.Release|Any CPU.Build.0 = Release|Any CPU
		{218208CA-7DE7-42E5-917F-D82FFF16AFFB}.Debug|Any CPU.ActiveCfg = Debug|Any CPU
		{218208CA-7DE7-42E5-917F-D82FFF16AFFB}.Debug|Any CPU.Build.0 = Debug|Any CPU
		{218208CA-7DE7-42E5-917F-D82FFF16AFFB}.Release|Any CPU.ActiveCfg = Release|Any CPU
		{218208CA-7DE7-42E5-917F-D82FFF16AFFB}.Release|Any CPU.Build.0 = Release|Any CPU
	EndGlobalSection
EndGlobal
